{
  "name": "pint",
  "lockfileVersion": 3,
  "requires": true,
  "packages": {
    "": {
      "devDependencies": {
        "prettier": "^3.8.4",
        "prettier-plugin-blade": "^3.1.6",
        "prettier-plugin-tailwindcss": "^0.7.4"
      }
    },
    "node_modules/@prettier/html-tags": {
      "version": "2.2.0",
      "resolved": "https://registry.npmjs.org/@prettier/html-tags/-/html-tags-2.2.0.tgz",
      "integrity": "sha512-6qLjt8ncestmSfEOeVf/kX5VhkinUsppybvkwn1X7wu+BjQ/GBSZYu7cytxdCvi5BaljCGIAr4rmfL5zVqdgyQ==",
      "dev": true,
      "license": "MIT"
    },
    "node_modules/@prettier/parse-srcset": {
      "version": "3.1.0",
      "resolved": "https://registry.npmjs.org/@prettier/parse-srcset/-/parse-srcset-3.1.0.tgz",
      "integrity": "sha512-FIRv2rZotO9NP/r66taYqD1zICpPiBbrECqjKV/xqNotqDxF7fLzzUeK+1RSRx9Tenk0DajR/GcRmTJ2qtHaKQ==",
      "dev": true,
      "license": "MIT"
    },
    "node_modules/html-element-attributes": {
      "version": "3.5.0",
      "resolved": "https://registry.npmjs.org/html-element-attributes/-/html-element-attributes-3.5.0.tgz",
      "integrity": "sha512-rU2BFhp0kQla9sqPBI46C+zbP6PFOtD7z6XNAJ6as+cGecCDXLx0W3aIs6XdPLmBBG/Fy1meRi/n65Exofz4Qw==",
      "dev": true,
      "license": "MIT",
      "funding": {
        "type": "github",
        "url": "https://github.com/sponsors/wooorm"
      }
    },
    "node_modules/prettier": {
      "version": "3.8.4",
      "resolved": "https://registry.npmjs.org/prettier/-/prettier-3.8.4.tgz",
      "integrity": "sha512-N2MylSdi48+5N/6S5j+maeHbUSIzzZ5uOcX5Hm4QpV8Dkb1HFjfAKTKX6yNPJQD9AhcT3ifHNB66tWTTJDi11Q==",
      "dev": true,
      "license": "MIT",
      "bin": {
        "prettier": "bin/prettier.cjs"
      },
      "engines": {
        "node": ">=14"
      },
      "funding": {
        "url": "https://github.com/prettier/prettier?sponsor=1"
      }
    },
    "node_modules/prettier-plugin-blade": {
      "version": "3.2.2",
      "resolved": "https://registry.npmjs.org/prettier-plugin-blade/-/prettier-plugin-blade-3.2.2.tgz",
      "integrity": "sha512-CPAlkLTAnvEZfvmRZ1CgdeePpfhxz/Bggei2lSAYcrsBFBhSZ04Ky0ttL4VB1u2q3iKh411vBi0T/Wx3GHWq/g==",
      "dev": true,
      "license": "MIT",
      "dependencies": {
        "@prettier/html-tags": "^2.2.0",
        "@prettier/parse-srcset": "^3.1.0",
        "html-element-attributes": "^3.5.0"
      },
      "engines": {
        "node": ">=18.0.0"
      },
      "peerDependencies": {
        "@prettier/plugin-php": "^0.24.0",
        "prettier": "^3.0.0",
        "prettier-plugin-tailwindcss": "^0.7.0 || ^0.8.0"
      },
      "peerDependenciesMeta": {
        "@prettier/plugin-php": {
          "optional": true
        },
        "prettier-plugin-tailwindcss": {
          "optional": true
        }
      }
    },
    "node_modules/prettier-plugin-tailwindcss": {
      "version": "0.7.4",
      "resolved": "https://registry.npmjs.org/prettier-plugin-tailwindcss/-/prettier-plugin-tailwindcss-0.7.4.tgz",
      "integrity": "sha512-UKii4RjY05SNt/WQi6/NcOn/LsT0/ILLXsxygjbRg5/YZelsSu5jTqorYHPDGq4nZy5q5hpCu+XdGZ1xaJEQgw==",
      "dev": true,
      "license": "MIT",
      "engines": {
        "node": ">=20.19"
      },
      "peerDependencies": {
        "@ianvs/prettier-plugin-sort-imports": "*",
        "@prettier/plugin-hermes": "*",
        "@prettier/plugin-oxc": "*",
        "@prettier/plugin-pug": "*",
        "@shopify/prettier-plugin-liquid": "*",
        "@trivago/prettier-plugin-sort-imports": "*",
        "@zackad/prettier-plugin-twig": "*",
        "prettier": "^3.0",
        "prettier-plugin-astro": "*",
        "prettier-plugin-css-order": "*",
        "prettier-plugin-jsdoc": "*",
        "prettier-plugin-marko": "*",
        "prettier-plugin-multiline-arrays": "*",
        "prettier-plugin-organize-attributes": "*",
        "prettier-plugin-organize-imports": "*",
        "prettier-plugin-sort-imports": "*",
        "prettier-plugin-svelte": "*"
      },
      "peerDependenciesMeta": {
        "@ianvs/prettier-plugin-sort-imports": {
          "optional": true
        },
        "@prettier/plugin-hermes": {
          "optional": true
        },
        "@prettier/plugin-oxc": {
          "optional": true
        },
        "@prettier/plugin-pug": {
          "optional": true
        },
        "@shopify/prettier-plugin-liquid": {
          "optional": true
        },
        "@trivago/prettier-plugin-sort-imports": {
          "optional": true
        },
        "@zackad/prettier-plugin-twig": {
          "optional": true
        },
        "prettier-plugin-astro": {
          "optional": true
        },
        "prettier-plugin-css-order": {
          "optional": true
        },
        "prettier-plugin-jsdoc": {
          "optional": true
        },
        "prettier-plugin-marko": {
          "optional": true
        },
        "prettier-plugin-multiline-arrays": {
          "optional": true
        },
        "prettier-plugin-organize-attributes": {
          "optional": true
        },
        "prettier-plugin-organize-imports": {
          "optional": true
        },
        "prettier-plugin-sort-imports": {
          "optional": true
        },
        "prettier-plugin-svelte": {
          "optional": true
        }
      }
    }
  }
}
